
Microsoft Visual Studio Solution File, Format Version 12.00
# Visual Studio Version 16
VisualStudioVersion = 16.0.31729.503
MinimumVisualStudioVersion = 10.0.40219.1
Project("{FAE04EC0-301F-11D3-BF4B-00C04F79EFBC}") = "Menu_Scrape_C", "Menu_Scrape_C\Menu_Scrape_C.csproj", "{BC0496D4-1084-4EE5-8F56-B1B8B12B3BF3}"
EndProject
Global
	GlobalSection(SolutionConfigurationPlatforms) = preSolution
		Debug|Any CPU = Debug|Any CPU
		Release|Any CPU = Release|Any CPU
	EndGlobalSection
	GlobalSection(ProjectConfigurationPlatforms) = postSolution
		{BC0496D4-1084-4EE5-8F56-B1B8B12B3BF3}.Debug|Any CPU.ActiveCfg = Debug|Any CPU
		{BC0496D4-1084-4EE5-8F56-B1B8B12B3BF3}.Debug|Any CPU.Build.0 = Debug|Any CPU
		{BC0496D4-1084-4EE5-8F56-B1B8B12B3BF3}.Release|Any CPU.ActiveCfg = Release|Any CPU
		{BC0496D4-1084-4EE5-8F56-B1B8B12B3BF3}.Release|Any CPU.Build.0 = Release|Any CPU
	EndGlobalSection
	GlobalSection(SolutionProperties) = preSolution
		HideSolutionNode = FALSE
	EndGlobalSection
	GlobalSection(ExtensibilityGlobals) = postSolution
		SolutionGuid = {0F2699AA-4104-4F82-B6FF-AD1A760CCFBB}
	EndGlobalSection
EndGlobal
